
Microsoft Visual Studio Solution File, Format Version 12.00
# Visual Studio 14
VisualStudioVersion = 14.0.25420.1
MinimumVisualStudioVersion = 10.0.40219.1
Project("{FAE04EC0-301F-11D3-BF4B-00C04F79EFBC}") = "TFG.Droid", "TFG\TFG.Droid\TFG.Droid.csproj", "{9952BD72-9C8F-4343-A1AA-B5B82FCA0089}"
EndProject
Project("{FAE04EC0-301F-11D3-BF4B-00C04F79EFBC}") = "TFG.iOS", "TFG\TFG.iOS\TFG.iOS.csproj", "{82736BD0-7CFC-4747-B9EA-BA35C4BB22D3}"
EndProject
Project("{D954291E-2A0B-460D-934E-DC6B0785DB48}") = "TFG", "TFG\TFG\TFG.shproj", "{F98AEE32-12D0-4E95-B7B6-1531DE782DA3}"
EndProject
Global
	GlobalSection(SharedMSBuildProjectFiles) = preSolution
		TFG\TFG\TFG.projitems*{9952bd72-9c8f-4343-a1aa-b5b82fca0089}*SharedItemsImports = 4
		TFG\TFG\TFG.projitems*{f98aee32-12d0-4e95-b7b6-1531de782da3}*SharedItemsImports = 13
	EndGlobalSection
	GlobalSection(SolutionConfigurationPlatforms) = preSolution
		Debug|Any CPU = Debug|Any CPU
		Debug|iPhone = Debug|iPhone
		Debug|iPhoneSimulator = Debug|iPhoneSimulator
		Release|Any CPU = Release|Any CPU
		Release|iPhone = Release|iPhone
		Release|iPhoneSimulator = Release|iPhoneSimulator
	EndGlobalSection
	GlobalSection(ProjectConfigurationPlatforms) = postSolution
		{9952BD72-9C8F-4343-A1AA-B5B82FCA0089}.Debug|Any CPU.ActiveCfg = Debug|Any CPU
		{9952BD72-9C8F-4343-A1AA-B5B82FCA0089}.Debug|Any CPU.Build.0 = Debug|Any CPU
		{9952BD72-9C8F-4343-A1AA-B5B82FCA0089}.Debug|Any CPU.Deploy.0 = Debug|Any CPU
		{9952BD72-9C8F-4343-A1AA-B5B82FCA0089}.Debug|iPhone.ActiveCfg = Debug|Any CPU
		{9952BD72-9C8F-4343-A1AA-B5B82FCA0089}.Debug|iPhone.Build.0 = Debug|Any CPU
		{9952BD72-9C8F-4343-A1AA-B5B82FCA0089}.Debug|iPhone.Deploy.0 = Debug|Any CPU
		{9952BD72-9C8F-4343-A1AA-B5B82FCA0089}.Debug|iPhoneSimulator.ActiveCfg = Debug|Any CPU
		{9952BD72-9C8F-4343-A1AA-B5B82FCA0089}.Debug|iPhoneSimulator.Build.0 = Debug|Any CPU
		{9952BD72-9C8F-4343-A1AA-B5B82FCA0089}.Debug|iPhoneSimulator.Deploy.0 = Debug|Any CPU
		{9952BD72-9C8F-4343-A1AA-B5B82FCA0089}.Release|Any CPU.ActiveCfg = Release|Any CPU
		{9952BD72-9C8F-4343-A1AA-B5B82FCA0089}.Release|Any CPU.Build.0 = Release|Any CPU
		{9952BD72-9C8F-4343-A1AA-B5B82FCA0089}.Release|Any CPU.Deploy.0 = Release|Any CPU
		{9952BD72-9C8F-4343-A1AA-B5B82FCA0089}.Release|iPhone.ActiveCfg = Release|Any CPU
		{9952BD72-9C8F-4343-A1AA-B5B82FCA0089}.Release|iPhone.Build.0 = Release|Any CPU
		{9952BD72-9C8F-4343-A1AA-B5B82FCA0089}.Release|iPhone.Deploy.0 = Release|Any CPU
		{9952BD72-9C8F-4343-A1AA-B5B82FCA0089}.Release|iPhoneSimulator.ActiveCfg = Release|Any CPU
		{9952BD72-9C8F-4343-A1AA-B5B82FCA0089}.Release|iPhoneSimulator.Build.0 = Release|Any CPU
		{9952BD72-9C8F-4343-A1AA-B5B82FCA0089}.Release|iPhoneSimulator.Deploy.0 = Release|Any CPU
		{82736BD0-7CFC-4747-B9EA-BA35C4BB22D3}.Debug|Any CPU.ActiveCfg = Debug|iPhone
		{82736BD0-7CFC-4747-B9EA-BA35C4BB22D3}.Debug|iPhone.ActiveCfg = Debug|iPhone
		{82736BD0-7CFC-4747-B9EA-BA35C4BB22D3}.Debug|iPhone.Build.0 = Debug|iPhone
		{82736BD0-7CFC-4747-B9EA-BA35C4BB22D3}.Debug|iPhoneSimulator.ActiveCfg = Debug|iPhoneSimulator
		{82736BD0-7CFC-4747-B9EA-BA35C4BB22D3}.Debug|iPhoneSimulator.Build.0 = Debug|iPhoneSimulator
		{82736BD0-7CFC-4747-B9EA-BA35C4BB22D3}.Release|Any CPU.ActiveCfg = Release|iPhone
		{82736BD0-7CFC-4747-B9EA-BA35C4BB22D3}.Release|iPhone.ActiveCfg = Release|iPhone
		{82736BD0-7CFC-4747-B9EA-BA35C4BB22D3}.Release|iPhone.Build.0 = Release|iPhone
		{82736BD0-7CFC-4747-B9EA-BA35C4BB22D3}.Release|iPhoneSimulator.ActiveCfg = Release|iPhoneSimulator
		{82736BD0-7CFC-4747-B9EA-BA35C4BB22D3}.Release|iPhoneSimulator.Build.0 = Release|iPhoneSimulator
	EndGlobalSection
	GlobalSection(SolutionProperties) = preSolution
		HideSolutionNode = FALSE
	EndGlobalSection
EndGlobal
